
Microsoft Visual Studio Solution File, Format Version 12.00
# Visual Studio 15
VisualStudioVersion = 15.0.28010.2026
MinimumVisualStudioVersion = 10.0.40219.1
Project("{FAE04EC0-301F-11D3-BF4B-00C04F79EFBC}") = "listView.Android", "listView\listView.Android\listView.Android.csproj", "{7A24116E-B7BA-48E2-9CCE-C2A9D44A5D68}"
EndProject
Project("{FAE04EC0-301F-11D3-BF4B-00C04F79EFBC}") = "listView.iOS", "listView\listView.iOS\listView.iOS.csproj", "{903F2F81-1B6C-4556-BB08-52F6F1992FDC}"
EndProject
Project("{FAE04EC0-301F-11D3-BF4B-00C04F79EFBC}") = "listView.UWP", "listView\listView.UWP\listView.UWP.csproj", "{0DB4CA91-25F1-4A3D-8447-C9BE3A6FD0B5}"
EndProject
Project("{D954291E-2A0B-460D-934E-DC6B0785DB48}") = "ListViewApp", "listView\listView\ListViewApp.shproj", "{C661C23C-0A78-4C5B-B69F-AFA4650F3AA9}"
EndProject
Global
	GlobalSection(SharedMSBuildProjectFiles) = preSolution
		listView\listView\listView.projitems*{0db4ca91-25f1-4a3d-8447-c9be3a6fd0b5}*SharedItemsImports = 4
		listView\listView\listView.projitems*{7a24116e-b7ba-48e2-9cce-c2a9d44a5d68}*SharedItemsImports = 4
		listView\listView\listView.projitems*{903f2f81-1b6c-4556-bb08-52f6f1992fdc}*SharedItemsImports = 4
		listView\listView\listView.projitems*{c661c23c-0a78-4c5b-b69f-afa4650f3aa9}*SharedItemsImports = 13
	EndGlobalSection
	GlobalSection(SolutionConfigurationPlatforms) = preSolution
		Ad-Hoc|Any CPU = Ad-Hoc|Any CPU
		Ad-Hoc|ARM = Ad-Hoc|ARM
		Ad-Hoc|iPhone = Ad-Hoc|iPhone
		Ad-Hoc|iPhoneSimulator = Ad-Hoc|iPhoneSimulator
		Ad-Hoc|x64 = Ad-Hoc|x64
		Ad-Hoc|x86 = Ad-Hoc|x86
		AppStore|Any CPU = AppStore|Any CPU
		AppStore|ARM = AppStore|ARM
		AppStore|iPhone = AppStore|iPhone
		AppStore|iPhoneSimulator = AppStore|iPhoneSimulator
		AppStore|x64 = AppStore|x64
		AppStore|x86 = AppStore|x86
		Debug|Any CPU = Debug|Any CPU
		Debug|ARM = Debug|ARM
		Debug|iPhone = Debug|iPhone
		Debug|iPhoneSimulator = Debug|iPhoneSimulator
		Debug|x64 = Debug|x64
		Debug|x86 = Debug|x86
		Release|Any CPU = Release|Any CPU
		Release|ARM = Release|ARM
		Release|iPhone = Release|iPhone
		Release|iPhoneSimulator = Release|iPhoneSimulator
		Release|x64 = Release|x64
		Release|x86 = Release|x86
	EndGlobalSection
	GlobalSection(ProjectConfigurationPlatforms) = postSolution
		{7A24116E-B7BA-48E2-9CCE-C2A9D44A5D68}.Ad-Hoc|Any CPU.ActiveCfg = Release|Any CPU
		{7A24116E-B7BA-48E2-9CCE-C2A9D44A5D68}.Ad-Hoc|Any CPU.Build.0 = Release|Any CPU
		{7A24116E-B7BA-48E2-9CCE-C2A9D44A5D68}.Ad-Hoc|Any CPU.Deploy.0 = Release|Any CPU
		{7A24116E-B7BA-48E2-9CCE-C2A9D44A5D68}.Ad-Hoc|ARM.ActiveCfg = Release|Any CPU
		{7A24116E-B7BA-48E2-9CCE-C2A9D44A5D68}.Ad-Hoc|ARM.Build.0 = Release|Any CPU
		{7A24116E-B7BA-48E2-9CCE-C2A9D44A5D68}.Ad-Hoc|ARM.Deploy.0 = Release|Any CPU
		{7A24116E-B7BA-48E2-9CCE-C2A9D44A5D68}.Ad-Hoc|iPhone.ActiveCfg = Release|Any CPU
		{7A24116E-B7BA-48E2-9CCE-C2A9D44A5D68}.Ad-Hoc|iPhone.Build.0 = Release|Any CPU
		{7A24116E-B7BA-48E2-9CCE-C2A9D44A5D68}.Ad-Hoc|iPhone.Deploy.0 = Release|Any CPU
		{7A24116E-B7BA-48E2-9CCE-C2A9D44A5D68}.Ad-Hoc|iPhoneSimulator.ActiveCfg = Release|Any CPU
		{7A24116E-B7BA-48E2-9CCE-C2A9D44A5D68}.Ad-Hoc|iPhoneSimulator.Build.0 = Release|Any CPU
		{7A24116E-B7BA-48E2-9CCE-C2A9D44A5D68}.Ad-Hoc|iPhoneSimulator.Deploy.0 = Release|Any CPU
		{7A24116E-B7BA-48E2-9CCE-C2A9D44A5D68}.Ad-Hoc|x64.ActiveCfg = Release|Any CPU
		{7A24116E-B7BA-48E2-9CCE-C2A9D44A5D68}.Ad-Hoc|x64.Build.0 = Release|Any CPU
		{7A24116E-B7BA-48E2-9CCE-C2A9D44A5D68}.Ad-Hoc|x64.Deploy.0 = Release|Any CPU
		{7A24116E-B7BA-48E2-9CCE-C2A9D44A5D68}.Ad-Hoc|x86.ActiveCfg = Release|Any CPU
		{7A24116E-B7BA-48E2-9CCE-C2A9D44A5D68}.Ad-Hoc|x86.Build.0 = Release|Any CPU
		{7A24116E-B7BA-48E2-9CCE-C2A9D44A5D68}.Ad-Hoc|x86.Deploy.0 = Release|Any CPU
		{7A24116E-B7BA-48E2-9CCE-C2A9D44A5D68}.AppStore|Any CPU.ActiveCfg = Release|Any CPU
		{7A24116E-B7BA-48E2-9CCE-C2A9D44A5D68}.AppStore|Any CPU.Build.0 = Release|Any CPU
		{7A24116E-B7BA-48E2-9CCE-C2A9D44A5D68}.AppStore|Any CPU.Deploy.0 = Release|Any CPU
		{7A24116E-B7BA-48E2-9CCE-C2A9D44A5D68}.AppStore|ARM.ActiveCfg = Release|Any CPU
		{7A24116E-B7BA-48E2-9CCE-C2A9D44A5D68}.AppStore|ARM.Build.0 = Release|Any CPU
		{7A24116E-B7BA-48E2-9CCE-C2A9D44A5D68}.AppStore|ARM.Deploy.0 = Release|Any CPU
		{7A24116E-B7BA-48E2-9CCE-C2A9D44A5D68}.AppStore|iPhone.ActiveCfg = Release|Any CPU
		{7A24116E-B7BA-48E2-9CCE-C2A9D44A5D68}.AppStore|iPhone.Build.0 = Release|Any CPU
		{7A24116E-B7BA-48E2-9CCE-C2A9D44A5D68}.AppStore|iPhone.Deploy.0 = Release|Any CPU
		{7A24116E-B7BA-48E2-9CCE-C2A9D44A5D68}.AppStore|iPhoneSimulator.ActiveCfg = Release|Any CPU
		{7A24116E-B7BA-48E2-9CCE-C2A9D44A5D68}.AppStore|iPhoneSimulator.Build.0 = Release|Any CPU
		{7A24116E-B7BA-48E2-9CCE-C2A9D44A5D68}.AppStore|iPhoneSimulator.Deploy.0 = Release|Any CPU
		{7A24116E-B7BA-48E2-9CCE-C2A9D44A5D68}.AppStore|x64.ActiveCfg = Release|Any CPU
		{7A24116E-B7BA-48E2-9CCE-C2A9D44A5D68}.AppStore|x64.Build.0 = Release|Any CPU
		{7A24116E-B7BA-48E2-9CCE-C2A9D44A5D68}.AppStore|x64.Deploy.0 = Release|Any CPU
		{7A24116E-B7BA-48E2-9CCE-C2A9D44A5D68}.AppStore|x86.ActiveCfg = Release|Any CPU
		{7A24116E-B7BA-48E2-9CCE-C2A9D44A5D68}.AppStore|x86.Build.0 = Release|Any CPU
		{7A24116E-B7BA-48E2-9CCE-C2A9D44A5D68}.AppStore|x86.Deploy.0 = Release|Any CPU
		{7A24116E-B7BA-48E2-9CCE-C2A9D44A5D68}.Debug|Any CPU.ActiveCfg = Debug|Any CPU
		{7A24116E-B7BA-48E2-9CCE-C2A9D44A5D68}.Debug|Any CPU.Build.0 = Debug|Any CPU
		{7A24116E-B7BA-48E2-9CCE-C2A9D44A5D68}.Debug|Any CPU.Deploy.0 = Debug|Any CPU
		{7A24116E-B7BA-48E2-9CCE-C2A9D44A5D68}.Debug|ARM.ActiveCfg = Debug|Any CPU
		{7A24116E-B7BA-48E2-9CCE-C2A9D44A5D68}.Debug|ARM.Build.0 = Debug|Any CPU
		{7A24116E-B7BA-48E2-9CCE-C2A9D44A5D68}.Debug|ARM.Deploy.0 = Debug|Any CPU
		{7A24116E-B7BA-48E2-9CCE-C2A9D44A5D68}.Debug|iPhone.ActiveCfg = Debug|Any CPU
		{7A24116E-B7BA-48E2-9CCE-C2A9D44A5D68}.Debug|iPhone.Build.0 = Debug|Any CPU
		{7A24116E-B7BA-48E2-9CCE-C2A9D44A5D68}.Debug|iPhone.Deploy.0 = Debug|Any CPU
		{7A24116E-B7BA-48E2-9CCE-C2A9D44A5D68}.Debug|iPhoneSimulator.ActiveCfg = Debug|Any CPU
		{7A24116E-B7BA-48E2-9CCE-C2A9D44A5D68}.Debug|iPhoneSimulator.Build.0 = Debug|Any CPU
		{7A24116E-B7BA-48E2-9CCE-C2A9D44A5D68}.Debug|iPhoneSimulator.Deploy.0 = Debug|Any CPU
		{7A24116E-B7BA-48E2-9CCE-C2A9D44A5D68}.Debug|x64.ActiveCfg = Debug|Any CPU
		{7A24116E-B7BA-48E2-9CCE-C2A9D44A5D68}.Debug|x64.Build.0 = Debug|Any CPU
		{7A24116E-B7BA-48E2-9CCE-C2A9D44A5D68}.Debug|x64.Deploy.0 = Debug|Any CPU
		{7A24116E-B7BA-48E2-9CCE-C2A9D44A5D68}.Debug|x86.ActiveCfg = Debug|Any CPU
		{7A24116E-B7BA-48E2-9CCE-C2A9D44A5D68}.Debug|x86.Build.0 = Debug|Any CPU
		{7A24116E-B7BA-48E2-9CCE-C2A9D44A5D68}.Debug|x86.Deploy.0 = Debug|Any CPU
		{7A24116E-B7BA-48E2-9CCE-C2A9D44A5D68}.Release|Any CPU.ActiveCfg = Release|Any CPU
		{7A24116E-B7BA-48E2-9CCE-C2A9D44A5D68}.Release|Any CPU.Build.0 = Release|Any CPU
		{7A24116E-B7BA-48E2-9CCE-C2A9D44A5D68}.Release|Any CPU.Deploy.0 = Release|Any CPU
		{7A24116E-B7BA-48E2-9CCE-C2A9D44A5D68}.Release|ARM.ActiveCfg = Release|Any CPU
		{7A24116E-B7BA-48E2-9CCE-C2A9D44A5D68}.Release|ARM.Build.0 = Release|Any CPU
		{7A24116E-B7BA-48E2-9CCE-C2A9D44A5D68}.Release|ARM.Deploy.0 = Release|Any CPU
		{7A24116E-B7BA-48E2-9CCE-C2A9D44A5D68}.Release|iPhone.ActiveCfg = Release|Any CPU
		{7A24116E-B7BA-48E2-9CCE-C2A9D44A5D68}.Release|iPhone.Build.0 = Release|Any CPU
		{7A24116E-B7BA-48E2-9CCE-C2A9D44A5D68}.Release|iPhone.Deploy.0 = Release|Any CPU
		{7A24116E-B7BA-48E2-9CCE-C2A9D44A5D68}.Release|iPhoneSimulator.ActiveCfg = Release|Any CPU
		{7A24116E-B7BA-48E2-9CCE-C2A9D44A5D68}.Release|iPhoneSimulator.Build.0 = Release|Any CPU
		{7A24116E-B7BA-48E2-9CCE-C2A9D44A5D68}.Release|iPhoneSimulator.Deploy.0 = Release|Any CPU
		{7A24116E-B7BA-48E2-9CCE-C2A9D44A5D68}.Release|x64.ActiveCfg = Release|Any CPU
		{7A24116E-B7BA-48E2-9CCE-C2A9D44A5D68}.Release|x64.Build.0 = Release|Any CPU
		{7A24116E-B7BA-48E2-9CCE-C2A9D44A5D68}.Release|x64.Deploy.0 = Release|Any CPU
		{7A24116E-B7BA-48E2-9CCE-C2A9D44A5D68}.Release|x86.ActiveCfg = Release|Any CPU
		{7A24116E-B7BA-48E2-9CCE-C2A9D44A5D68}.Release|x86.Build.0 = Release|Any CPU
		{7A24116E-B7BA-48E2-9CCE-C2A9D44A5D68}.Release|x86.Deploy.0 = Release|Any CPU
		{903F2F81-1B6C-4556-BB08-52F6F1992FDC}.Ad-Hoc|Any CPU.ActiveCfg = Ad-Hoc|iPhone
		{903F2F81-1B6C-4556-BB08-52F6F1992FDC}.Ad-Hoc|Any CPU.Build.0 = Ad-Hoc|iPhone
		{903F2F81-1B6C-4556-BB08-52F6F1992FDC}.Ad-Hoc|Any CPU.Deploy.0 = Ad-Hoc|iPhone
		{903F2F81-1B6C-4556-BB08-52F6F1992FDC}.Ad-Hoc|ARM.ActiveCfg = Ad-Hoc|iPhone
		{903F2F81-1B6C-4556-BB08-52F6F1992FDC}.Ad-Hoc|ARM.Build.0 = Ad-Hoc|iPhone
		{903F2F81-1B6C-4556-BB08-52F6F1992FDC}.Ad-Hoc|ARM.Deploy.0 = Ad-Hoc|iPhone
		{903F2F81-1B6C-4556-BB08-52F6F1992FDC}.Ad-Hoc|iPhone.ActiveCfg = Ad-Hoc|iPhone
		{903F2F81-1B6C-4556-BB08-52F6F1992FDC}.Ad-Hoc|iPhone.Build.0 = Ad-Hoc|iPhone
		{903F2F81-1B6C-4556-BB08-52F6F1992FDC}.Ad-Hoc|iPhone.Deploy.0 = Ad-Hoc|iPhone
		{903F2F81-1B6C-4556-BB08-52F6F1992FDC}.Ad-Hoc|iPhoneSimulator.ActiveCfg = Ad-Hoc|iPhoneSimulator
		{903F2F81-1B6C-4556-BB08-52F6F1992FDC}.Ad-Hoc|iPhoneSimulator.Build.0 = Ad-Hoc|iPhoneSimulator
		{903F2F81-1B6C-4556-BB08-52F6F1992FDC}.Ad-Hoc|iPhoneSimulator.Deploy.0 = Ad-Hoc|iPhoneSimulator
		{903F2F81-1B6C-4556-BB08-52F6F1992FDC}.Ad-Hoc|x64.ActiveCfg = Ad-Hoc|iPhone
		{903F2F81-1B6C-4556-BB08-52F6F1992FDC}.Ad-Hoc|x64.Build.0 = Ad-Hoc|iPhone
		{903F2F81-1B6C-4556-BB08-52F6F1992FDC}.Ad-Hoc|x64.Deploy.0 = Ad-Hoc|iPhone
		{903F2F81-1B6C-4556-BB08-52F6F1992FDC}.Ad-Hoc|x86.ActiveCfg = Ad-Hoc|iPhone
		{903F2F81-1B6C-4556-BB08-52F6F1992FDC}.Ad-Hoc|x86.Build.0 = Ad-Hoc|iPhone
		{903F2F81-1B6C-4556-BB08-52F6F1992FDC}.Ad-Hoc|x86.Deploy.0 = Ad-Hoc|iPhone
		{903F2F81-1B6C-4556-BB08-52F6F1992FDC}.AppStore|Any CPU.ActiveCfg = AppStore|iPhone
		{903F2F81-1B6C-4556-BB08-52F6F1992FDC}.AppStore|Any CPU.Build.0 = AppStore|iPhone
		{903F2F81-1B6C-4556-BB08-52F6F1992FDC}.AppStore|Any CPU.Deploy.0 = AppStore|iPhone
		{903F2F81-1B6C-4556-BB08-52F6F1992FDC}.AppStore|ARM.ActiveCfg = AppStore|iPhone
		{903F2F81-1B6C-4556-BB08-52F6F1992FDC}.AppStore|ARM.Build.0 = AppStore|iPhone
		{903F2F81-1B6C-4556-BB08-52F6F1992FDC}.AppStore|ARM.Deploy.0 = AppStore|iPhone
		{903F2F81-1B6C-4556-BB08-52F6F1992FDC}.AppStore|iPhone.ActiveCfg = AppStore|iPhone
		{903F2F81-1B6C-4556-BB08-52F6F1992FDC}.AppStore|iPhone.Build.0 = AppStore|iPhone
		{903F2F81-1B6C-4556-BB08-52F6F1992FDC}.AppStore|iPhone.Deploy.0 = AppStore|iPhone
		{903F2F81-1B6C-4556-BB08-52F6F1992FDC}.AppStore|iPhoneSimulator.ActiveCfg = AppStore|iPhoneSimulator
		{903F2F81-1B6C-4556-BB08-52F6F1992FDC}.AppStore|iPhoneSimulator.Build.0 = AppStore|iPhoneSimulator
		{903F2F81-1B6C-4556-BB08-52F6F1992FDC}.AppStore|iPhoneSimulator.Deploy.0 = AppStore|iPhoneSimulator
		{903F2F81-1B6C-4556-BB08-52F6F1992FDC}.AppStore|x64.ActiveCfg = AppStore|iPhone
		{903F2F81-1B6C-4556-BB08-52F6F1992FDC}.AppStore|x64.Build.0 = AppStore|iPhone
		{903F2F81-1B6C-4556-BB08-52F6F1992FDC}.AppStore|x64.Deploy.0 = AppStore|iPhone
		{903F2F81-1B6C-4556-BB08-52F6F1992FDC}.AppStore|x86.ActiveCfg = AppStore|iPhone
		{903F2F81-1B6C-4556-BB08-52F6F1992FDC}.AppStore|x86.Build.0 = AppStore|iPhone
		{903F2F81-1B6C-4556-BB08-52F6F1992FDC}.AppStore|x86.Deploy.0 = AppStore|iPhone
		{903F2F81-1B6C-4556-BB08-52F6F1992FDC}.Debug|Any CPU.ActiveCfg = Debug|iPhoneSimulator
		{903F2F81-1B6C-4556-BB08-52F6F1992FDC}.Debug|Any CPU.Build.0 = Debug|iPhoneSimulator
		{903F2F81-1B6C-4556-BB08-52F6F1992FDC}.Debug|Any CPU.Deploy.0 = Debug|iPhoneSimulator
		{903F2F81-1B6C-4556-BB08-52F6F1992FDC}.Debug|ARM.ActiveCfg = Debug|iPhone
		{903F2F81-1B6C-4556-BB08-52F6F1992FDC}.Debug|ARM.Build.0 = Debug|iPhone
		{903F2F81-1B6C-4556-BB08-52F6F1992FDC}.Debug|ARM.Deploy.0 = Debug|iPhone
		{903F2F81-1B6C-4556-BB08-52F6F1992FDC}.Debug|iPhone.ActiveCfg = Debug|iPhone
		{903F2F81-1B6C-4556-BB08-52F6F1992FDC}.Debug|iPhone.Build.0 = Debug|iPhone
		{903F2F81-1B6C-4556-BB08-52F6F1992FDC}.Debug|iPhone.Deploy.0 = Debug|iPhone
		{903F2F81-1B6C-4556-BB08-52F6F1992FDC}.Debug|iPhoneSimulator.ActiveCfg = Debug|iPhoneSimulator
		{903F2F81-1B6C-4556-BB08-52F6F1992FDC}.Debug|iPhoneSimulator.Build.0 = Debug|iPhoneSimulator
		{903F2F81-1B6C-4556-BB08-52F6F1992FDC}.Debug|iPhoneSimulator.Deploy.0 = Debug|iPhoneSimulator
		{903F2F81-1B6C-4556-BB08-52F6F1992FDC}.Debug|x64.ActiveCfg = Debug|iPhone
		{903F2F81-1B6C-4556-BB08-52F6F1992FDC}.Debug|x64.Build.0 = Debug|iPhone
		{903F2F81-1B6C-4556-BB08-52F6F1992FDC}.Debug|x64.Deploy.0 = Debug|iPhone
		{903F2F81-1B6C-4556-BB08-52F6F1992FDC}.Debug|x86.ActiveCfg = Debug|iPhone
		{903F2F81-1B6C-4556-BB08-52F6F1992FDC}.Debug|x86.Build.0 = Debug|iPhone
		{903F2F81-1B6C-4556-BB08-52F6F1992FDC}.Debug|x86.Deploy.0 = Debug|iPhone
		{903F2F81-1B6C-4556-BB08-52F6F1992FDC}.Release|Any CPU.ActiveCfg = Release|iPhone
		{903F2F81-1B6C-4556-BB08-52F6F1992FDC}.Release|Any CPU.Build.0 = Release|iPhone
		{903F2F81-1B6C-4556-BB08-52F6F1992FDC}.Release|Any CPU.Deploy.0 = Release|iPhone
		{903F2F81-1B6C-4556-BB08-52F6F1992FDC}.Release|ARM.ActiveCfg = Release|iPhone
		{903F2F81-1B6C-4556-BB08-52F6F1992FDC}.Release|ARM.Build.0 = Release|iPhone
		{903F2F81-1B6C-4556-BB08-52F6F1992FDC}.Release|ARM.Deploy.0 = Release|iPhone
		{903F2F81-1B6C-4556-BB08-52F6F1992FDC}.Release|iPhone.ActiveCfg = Release|iPhone
		{903F2F81-1B6C-4556-BB08-52F6F1992FDC}.Release|iPhone.Build.0 = Release|iPhone
		{903F2F81-1B6C-4556-BB08-52F6F1992FDC}.Release|iPhone.Deploy.0 = Release|iPhone
		{903F2F81-1B6C-4556-BB08-52F6F1992FDC}.Release|iPhoneSimulator.ActiveCfg = Release|iPhoneSimulator
		{903F2F81-1B6C-4556-BB08-52F6F1992FDC}.Release|iPhoneSimulator.Build.0 = Release|iPhoneSimulator
		{903F2F81-1B6C-4556-BB08-52F6F1992FDC}.Release|iPhoneSimulator.Deploy.0 = Release|iPhoneSimulator
		{903F2F81-1B6C-4556-BB08-52F6F1992FDC}.Release|x64.ActiveCfg = Release|iPhone
		{903F2F81-1B6C-4556-BB08-52F6F1992FDC}.Release|x64.Build.0 = Release|iPhone
		{903F2F81-1B6C-4556-BB08-52F6F1992FDC}.Release|x64.Deploy.0 = Release|iPhone
		{903F2F81-1B6C-4556-BB08-52F6F1992FDC}.Release|x86.ActiveCfg = Release|iPhone
		{903F2F81-1B6C-4556-BB08-52F6F1992FDC}.Release|x86.Build.0 = Release|iPhone
		{903F2F81-1B6C-4556-BB08-52F6F1992FDC}.Release|x86.Deploy.0 = Release|iPhone
		{0DB4CA91-25F1-4A3D-8447-C9BE3A6FD0B5}.Ad-Hoc|Any CPU.ActiveCfg = Release|x86
		{0DB4CA91-25F1-4A3D-8447-C9BE3A6FD0B5}.Ad-Hoc|Any CPU.Build.0 = Release|x86
		{0DB4CA91-25F1-4A3D-8447-C9BE3A6FD0B5}.Ad-Hoc|Any CPU.Deploy.0 = Release|x86
		{0DB4CA91-25F1-4A3D-8447-C9BE3A6FD0B5}.Ad-Hoc|ARM.ActiveCfg = Release|ARM
		{0DB4CA91-25F1-4A3D-8447-C9BE3A6FD0B5}.Ad-Hoc|ARM.Build.0 = Release|ARM
		{0DB4CA91-25F1-4A3D-8447-C9BE3A6FD0B5}.Ad-Hoc|ARM.Deploy.0 = Release|ARM
		{0DB4CA91-25F1-4A3D-8447-C9BE3A6FD0B5}.Ad-Hoc|iPhone.ActiveCfg = Release|x86
		{0DB4CA91-25F1-4A3D-8447-C9BE3A6FD0B5}.Ad-Hoc|iPhone.Build.0 = Release|x86
		{0DB4CA91-25F1-4A3D-8447-C9BE3A6FD0B5}.Ad-Hoc|iPhone.Deploy.0 = Release|x86
		{0DB4CA91-25F1-4A3D-8447-C9BE3A6FD0B5}.Ad-Hoc|iPhoneSimulator.ActiveCfg = Release|x86
		{0DB4CA91-25F1-4A3D-8447-C9BE3A6FD0B5}.Ad-Hoc|iPhoneSimulator.Build.0 = Release|x86
		{0DB4CA91-25F1-4A3D-8447-C9BE3A6FD0B5}.Ad-Hoc|iPhoneSimulator.Deploy.0 = Release|x86
		{0DB4CA91-25F1-4A3D-8447-C9BE3A6FD0B5}.Ad-Hoc|x64.ActiveCfg = Release|x64
		{0DB4CA91-25F1-4A3D-8447-C9BE3A6FD0B5}.Ad-Hoc|x64.Build.0 = Release|x64
		{0DB4CA91-25F1-4A3D-8447-C9BE3A6FD0B5}.Ad-Hoc|x64.Deploy.0 = Release|x64
		{0DB4CA91-25F1-4A3D-8447-C9BE3A6FD0B5}.Ad-Hoc|x86.ActiveCfg = Release|x86
		{0DB4CA91-25F1-4A3D-8447-C9BE3A6FD0B5}.Ad-Hoc|x86.Build.0 = Release|x86
		{0DB4CA91-25F1-4A3D-8447-C9BE3A6FD0B5}.Ad-Hoc|x86.Deploy.0 = Release|x86
		{0DB4CA91-25F1-4A3D-8447-C9BE3A6FD0B5}.AppStore|Any CPU.ActiveCfg = Release|x86
		{0DB4CA91-25F1-4A3D-8447-C9BE3A6FD0B5}.AppStore|Any CPU.Build.0 = Release|x86
		{0DB4CA91-25F1-4A3D-8447-C9BE3A6FD0B5}.AppStore|Any CPU.Deploy.0 = Release|x86
		{0DB4CA91-25F1-4A3D-8447-C9BE3A6FD0B5}.AppStore|ARM.ActiveCfg = Release|ARM
		{0DB4CA91-25F1-4A3D-8447-C9BE3A6FD0B5}.AppStore|ARM.Build.0 = Release|ARM
		{0DB4CA91-25F1-4A3D-8447-C9BE3A6FD0B5}.AppStore|ARM.Deploy.0 = Release|ARM
		{0DB4CA91-25F1-4A3D-8447-C9BE3A6FD0B5}.AppStore|iPhone.ActiveCfg = Release|x86
		{0DB4CA91-25F1-4A3D-8447-C9BE3A6FD0B5}.AppStore|iPhone.Build.0 = Release|x86
		{0DB4CA91-25F1-4A3D-8447-C9BE3A6FD0B5}.AppStore|iPhone.Deploy.0 = Release|x86
		{0DB4CA91-25F1-4A3D-8447-C9BE3A6FD0B5}.AppStore|iPhoneSimulator.ActiveCfg = Release|x86
		{0DB4CA91-25F1-4A3D-8447-C9BE3A6FD0B5}.AppStore|iPhoneSimulator.Build.0 = Release|x86
		{0DB4CA91-25F1-4A3D-8447-C9BE3A6FD0B5}.AppStore|iPhoneSimulator.Deploy.0 = Release|x86
		{0DB4CA91-25F1-4A3D-8447-C9BE3A6FD0B5}.AppStore|x64.ActiveCfg = Release|x64
		{0DB4CA91-25F1-4A3D-8447-C9BE3A6FD0B5}.AppStore|x64.Build.0 = Release|x64
		{0DB4CA91-25F1-4A3D-8447-C9BE3A6FD0B5}.AppStore|x64.Deploy.0 = Release|x64
		{0DB4CA91-25F1-4A3D-8447-C9BE3A6FD0B5}.AppStore|x86.ActiveCfg = Release|x86
		{0DB4CA91-25F1-4A3D-8447-C9BE3A6FD0B5}.AppStore|x86.Build.0 = Release|x86
		{0DB4CA91-25F1-4A3D-8447-C9BE3A6FD0B5}.AppStore|x86.Deploy.0 = Release|x86
		{0DB4CA91-25F1-4A3D-8447-C9BE3A6FD0B5}.Debug|Any CPU.ActiveCfg = Debug|x86
		{0DB4CA91-25F1-4A3D-8447-C9BE3A6FD0B5}.Debug|Any CPU.Build.0 = Debug|x86
		{0DB4CA91-25F1-4A3D-8447-C9BE3A6FD0B5}.Debug|Any CPU.Deploy.0 = Debug|x86
		{0DB4CA91-25F1-4A3D-8447-C9BE3A6FD0B5}.Debug|ARM.ActiveCfg = Debug|ARM
		{0DB4CA91-25F1-4A3D-8447-C9BE3A6FD0B5}.Debug|ARM.Build.0 = Debug|ARM
		{0DB4CA91-25F1-4A3D-8447-C9BE3A6FD0B5}.Debug|ARM.Deploy.0 = Debug|ARM
		{0DB4CA91-25F1-4A3D-8447-C9BE3A6FD0B5}.Debug|iPhone.ActiveCfg = Debug|x86
		{0DB4CA91-25F1-4A3D-8447-C9BE3A6FD0B5}.Debug|iPhone.Build.0 = Debug|x86
		{0DB4CA91-25F1-4A3D-8447-C9BE3A6FD0B5}.Debug|iPhone.Deploy.0 = Debug|x86
		{0DB4CA91-25F1-4A3D-8447-C9BE3A6FD0B5}.Debug|iPhoneSimulator.ActiveCfg = Debug|x86
		{0DB4CA91-25F1-4A3D-8447-C9BE3A6FD0B5}.Debug|iPhoneSimulator.Build.0 = Debug|x86
		{0DB4CA91-25F1-4A3D-8447-C9BE3A6FD0B5}.Debug|iPhoneSimulator.Deploy.0 = Debug|x86
		{0DB4CA91-25F1-4A3D-8447-C9BE3A6FD0B5}.Debug|x64.ActiveCfg = Debug|x64
		{0DB4CA91-25F1-4A3D-8447-C9BE3A6FD0B5}.Debug|x64.Build.0 = Debug|x64
		{0DB4CA91-25F1-4A3D-8447-C9BE3A6FD0B5}.Debug|x64.Deploy.0 = Debug|x64
		{0DB4CA91-25F1-4A3D-8447-C9BE3A6FD0B5}.Debug|x86.ActiveCfg = Debug|x86
		{0DB4CA91-25F1-4A3D-8447-C9BE3A6FD0B5}.Debug|x86.Build.0 = Debug|x86
		{0DB4CA91-25F1-4A3D-8447-C9BE3A6FD0B5}.Debug|x86.Deploy.0 = Debug|x86
		{0DB4CA91-25F1-4A3D-8447-C9BE3A6FD0B5}.Release|Any CPU.ActiveCfg = Release|x86
		{0DB4CA91-25F1-4A3D-8447-C9BE3A6FD0B5}.Release|Any CPU.Build.0 = Release|x86
		{0DB4CA91-25F1-4A3D-8447-C9BE3A6FD0B5}.Release|Any CPU.Deploy.0 = Release|x86
		{0DB4CA91-25F1-4A3D-8447-C9BE3A6FD0B5}.Release|ARM.ActiveCfg = Release|ARM
		{0DB4CA91-25F1-4A3D-8447-C9BE3A6FD0B5}.Release|ARM.Build.0 = Release|ARM
		{0DB4CA91-25F1-4A3D-8447-C9BE3A6FD0B5}.Release|ARM.Deploy.0 = Release|ARM
		{0DB4CA91-25F1-4A3D-8447-C9BE3A6FD0B5}.Release|iPhone.ActiveCfg = Release|x86
		{0DB4CA91-25F1-4A3D-8447-C9BE3A6FD0B5}.Release|iPhone.Build.0 = Release|x86
		{0DB4CA91-25F1-4A3D-8447-C9BE3A6FD0B5}.Release|iPhone.Deploy.0 = Release|x86
		{0DB4CA91-25F1-4A3D-8447-C9BE3A6FD0B5}.Release|iPhoneSimulator.ActiveCfg = Release|x86
		{0DB4CA91-25F1-4A3D-8447-C9BE3A6FD0B5}.Release|iPhoneSimulator.Build.0 = Release|x86
		{0DB4CA91-25F1-4A3D-8447-C9BE3A6FD0B5}.Release|iPhoneSimulator.Deploy.0 = Release|x86
		{0DB4CA91-25F1-4A3D-8447-C9BE3A6FD0B5}.Release|x64.ActiveCfg = Release|x64
		{0DB4CA91-25F1-4A3D-8447-C9BE3A6FD0B5}.Release|x64.Build.0 = Release|x64
		{0DB4CA91-25F1-4A3D-8447-C9BE3A6FD0B5}.Release|x64.Deploy.0 = Release|x64
		{0DB4CA91-25F1-4A3D-8447-C9BE3A6FD0B5}.Release|x86.ActiveCfg = Release|x86
		{0DB4CA91-25F1-4A3D-8447-C9BE3A6FD0B5}.Release|x86.Build.0 = Release|x86
		{0DB4CA91-25F1-4A3D-8447-C9BE3A6FD0B5}.Release|x86.Deploy.0 = Release|x86
	EndGlobalSection
	GlobalSection(SolutionProperties) = preSolution
		HideSolutionNode = FALSE
	EndGlobalSection
	GlobalSection(ExtensibilityGlobals) = postSolution
		SolutionGuid = {259AAE78-BC9D-40FE-940B-A5BA765921CF}
	EndGlobalSection
EndGlobal
